// !$*UTF8*$!
{
	archiveVersion = 1;
	classes = {
	};
	objectVersion = 48;
	objects = {

/* Begin PBXBuildFile section */
		04100A1A21C8E8B800292AC3 /* PlaceDetailSubViewController.swift in Sources */ = {isa = PBXBuildFile; fileRef = 04100A1921C8E8B800292AC3 /* PlaceDetailSubViewController.swift */; };
		04A1756421C7AF5F00DA4319 /* TabBarViewController.swift in Sources */ = {isa = PBXBuildFile; fileRef = 04A1756321C7AF5F00DA4319 /* TabBarViewController.swift */; };
		04A2183721C23C0100B79809 /* Main.storyboard in Resources */ = {isa = PBXBuildFile; fileRef = 04A2183621C23C0100B79809 /* Main.storyboard */; };
		04E63E3221A7D20800013B7E /* Assets.xcassets in Resources */ = {isa = PBXBuildFile; fileRef = 04E63E3121A7D20700013B7E /* Assets.xcassets */; };
		450BC3AB21CA1FC400F7243E /* DBConnector.swift in Sources */ = {isa = PBXBuildFile; fileRef = 450BC3AA21CA1FC400F7243E /* DBConnector.swift */; };
		6A04AD8F21AFAE78006AAB7F /* MapViewController.swift in Sources */ = {isa = PBXBuildFile; fileRef = 6A04AD8E21AFAE78006AAB7F /* MapViewController.swift */; };
		6A04AD9221AFAFC1006AAB7F /* SelectSearchController.swift in Sources */ = {isa = PBXBuildFile; fileRef = 6A04AD9121AFAFC1006AAB7F /* SelectSearchController.swift */; };
		6A04AD9421AFB0D6006AAB7F /* SearchByPriceController.swift in Sources */ = {isa = PBXBuildFile; fileRef = 6A04AD9321AFB0D6006AAB7F /* SearchByPriceController.swift */; };
		6A8DF94B2191711E00A59C25 /* Tab.storyboard in Resources */ = {isa = PBXBuildFile; fileRef = 6A8DF94A2191711E00A59C25 /* Tab.storyboard */; };
		6AA3E08621428AA800612EF2 /* AppDelegate.swift in Sources */ = {isa = PBXBuildFile; fileRef = 6AA3E08521428AA800612EF2 /* AppDelegate.swift */; };
		6AA3E08821428AA800612EF2 /* MainPageController.swift in Sources */ = {isa = PBXBuildFile; fileRef = 6AA3E08721428AA800612EF2 /* MainPageController.swift */; };
		6AA3E08B21428AA800612EF2 /* Test.storyboard in Resources */ = {isa = PBXBuildFile; fileRef = 6AA3E08921428AA800612EF2 /* Test.storyboard */; };
		6AA3E09021428AA800612EF2 /* LaunchScreen.storyboard in Resources */ = {isa = PBXBuildFile; fileRef = 6AA3E08E21428AA800612EF2 /* LaunchScreen.storyboard */; };
		6AA3E09B21428AA800612EF2 /* ShabuMaiJa_IOSClassTests.swift in Sources */ = {isa = PBXBuildFile; fileRef = 6AA3E09A21428AA800612EF2 /* ShabuMaiJa_IOSClassTests.swift */; };
		6AA3E0A621428AA800612EF2 /* ShabuMaiJa_IOSClassUITests.swift in Sources */ = {isa = PBXBuildFile; fileRef = 6AA3E0A521428AA800612EF2 /* ShabuMaiJa_IOSClassUITests.swift */; };
		7D0A26EF219DF55F0090360A /* usericon.png in Resources */ = {isa = PBXBuildFile; fileRef = 7D0A26EE219DF55E0090360A /* usericon.png */; };
		7D0A26F1219E071F0090360A /* GroupDetailController.swift in Sources */ = {isa = PBXBuildFile; fileRef = 7D0A26F0219E071F0090360A /* GroupDetailController.swift */; };
		7D0A26F3219E0FC10090360A /* AccountProfileController.swift in Sources */ = {isa = PBXBuildFile; fileRef = 7D0A26F2219E0FC10090360A /* AccountProfileController.swift */; };
		7D4915AD21A72A06009550FD /* launch640x960.jpg in Resources */ = {isa = PBXBuildFile; fileRef = 7D4915A821A72A06009550FD /* launch640x960.jpg */; };
		7D4915AE21A72A06009550FD /* launch1242x2688.jpg in Resources */ = {isa = PBXBuildFile; fileRef = 7D4915A921A72A06009550FD /* launch1242x2688.jpg */; };
		7D4915AF21A72A06009550FD /* launch640x1136.jpg in Resources */ = {isa = PBXBuildFile; fileRef = 7D4915AA21A72A06009550FD /* launch640x1136.jpg */; };
		7D4915B021A72A06009550FD /* launch750x1334.jpg in Resources */ = {isa = PBXBuildFile; fileRef = 7D4915AB21A72A06009550FD /* launch750x1334.jpg */; };
		7D4915B121A72A06009550FD /* launch2688x1242.jpg in Resources */ = {isa = PBXBuildFile; fileRef = 7D4915AC21A72A06009550FD /* launch2688x1242.jpg */; };
		7D4915B321A72AA2009550FD /* launch320x480.jpg in Resources */ = {isa = PBXBuildFile; fileRef = 7D4915B221A72AA2009550FD /* launch320x480.jpg */; };
		7D4915B621A72BCE009550FD /* launch1792x828.jpg in Resources */ = {isa = PBXBuildFile; fileRef = 7D4915B421A72BCE009550FD /* launch1792x828.jpg */; };
		7D4915B721A72BCE009550FD /* launch828x1792.jpg in Resources */ = {isa = PBXBuildFile; fileRef = 7D4915B521A72BCE009550FD /* launch828x1792.jpg */; };
		7D4915B921A72E06009550FD /* launch2208x1242.jpg in Resources */ = {isa = PBXBuildFile; fileRef = 7D4915B821A72E06009550FD /* launch2208x1242.jpg */; };
		7D4915BB21A72E5D009550FD /* launch1242x2208.jpg in Resources */ = {isa = PBXBuildFile; fileRef = 7D4915BA21A72E5D009550FD /* launch1242x2208.jpg */; };
		7D4915BE21A72F0C009550FD /* launch1125x2436.jpg in Resources */ = {isa = PBXBuildFile; fileRef = 7D4915BC21A72F0C009550FD /* launch1125x2436.jpg */; };
		7D4915BF21A72F0C009550FD /* launch2436x1125.jpg in Resources */ = {isa = PBXBuildFile; fileRef = 7D4915BD21A72F0C009550FD /* launch2436x1125.jpg */; };
		7D5D5FA721B0580600F92364 /* ShowPriceListController.swift in Sources */ = {isa = PBXBuildFile; fileRef = 7D5D5FA621B0580600F92364 /* ShowPriceListController.swift */; };
		7D6C61B821B3BC2500A031F3 /* RestaurantTableViewCell.swift in Sources */ = {isa = PBXBuildFile; fileRef = 7D6C61B721B3BC2500A031F3 /* RestaurantTableViewCell.swift */; };
		7D6C61BA21B3BC9E00A031F3 /* Restaurant.swift in Sources */ = {isa = PBXBuildFile; fileRef = 7D6C61B921B3BC9E00A031F3 /* Restaurant.swift */; };
		7D6C61D621B3C14E00A031F3 /* GoogleMapsBase.framework in Frameworks */ = {isa = PBXBuildFile; fileRef = 7D6C61D321B3C14E00A031F3 /* GoogleMapsBase.framework */; };
		7D6C61D721B3C14E00A031F3 /* GooglePlaces.framework in Frameworks */ = {isa = PBXBuildFile; fileRef = 7D6C61D521B3C14E00A031F3 /* GooglePlaces.framework */; };
		7D6C61D921B3C19F00A031F3 /* GooglePlaces.bundle in Resources */ = {isa = PBXBuildFile; fileRef = 7D6C61D821B3C19F00A031F3 /* GooglePlaces.bundle */; };
		7D6C61DB21B3C28D00A031F3 /* Accelerate.framework in Frameworks */ = {isa = PBXBuildFile; fileRef = 7D6C61DA21B3C28D00A031F3 /* Accelerate.framework */; };
		7D6C61E221B3C2D000A031F3 /* CoreLocation.framework in Frameworks */ = {isa = PBXBuildFile; fileRef = 7D6C61DC21B3C2CF00A031F3 /* CoreLocation.framework */; };
		7D6C61E321B3C2D000A031F3 /* CoreImage.framework in Frameworks */ = {isa = PBXBuildFile; fileRef = 7D6C61DD21B3C2D000A031F3 /* CoreImage.framework */; };
		7D6C61E421B3C2D000A031F3 /* CoreText.framework in Frameworks */ = {isa = PBXBuildFile; fileRef = 7D6C61DE21B3C2D000A031F3 /* CoreText.framework */; };
		7D6C61E521B3C2D000A031F3 /* CoreData.framework in Frameworks */ = {isa = PBXBuildFile; fileRef = 7D6C61DF21B3C2D000A031F3 /* CoreData.framework */; };
		7D6C61E621B3C2D000A031F3 /* CoreTelephony.framework in Frameworks */ = {isa = PBXBuildFile; fileRef = 7D6C61E021B3C2D000A031F3 /* CoreTelephony.framework */; };
		7D6C61E721B3C2D000A031F3 /* CoreGraphics.framework in Frameworks */ = {isa = PBXBuildFile; fileRef = 7D6C61E121B3C2D000A031F3 /* CoreGraphics.framework */; };
		7D6C61EC21B3C30900A031F3 /* libz.tbd in Frameworks */ = {isa = PBXBuildFile; fileRef = 7D6C61E821B3C30900A031F3 /* libz.tbd */; };
		7D6C61ED21B3C30900A031F3 /* GLKit.framework in Frameworks */ = {isa = PBXBuildFile; fileRef = 7D6C61E921B3C30900A031F3 /* GLKit.framework */; };
		7D6C61EE21B3C30900A031F3 /* ImageIO.framework in Frameworks */ = {isa = PBXBuildFile; fileRef = 7D6C61EA21B3C30900A031F3 /* ImageIO.framework */; };
		7D6C61EF21B3C30900A031F3 /* libc++.tbd in Frameworks */ = {isa = PBXBuildFile; fileRef = 7D6C61EB21B3C30900A031F3 /* libc++.tbd */; };
		7D6C61F121B3C31E00A031F3 /* OpenGLES.framework in Frameworks */ = {isa = PBXBuildFile; fileRef = 7D6C61F021B3C31E00A031F3 /* OpenGLES.framework */; };
		7D6C61F321B3C32300A031F3 /* QuartzCore.framework in Frameworks */ = {isa = PBXBuildFile; fileRef = 7D6C61F221B3C32300A031F3 /* QuartzCore.framework */; };
		7D6C61F521B3C32D00A031F3 /* SystemConfiguration.framework in Frameworks */ = {isa = PBXBuildFile; fileRef = 7D6C61F421B3C32D00A031F3 /* SystemConfiguration.framework */; };
		7D6C61F721B3C33500A031F3 /* UIKit.framework in Frameworks */ = {isa = PBXBuildFile; fileRef = 7D6C61F621B3C33500A031F3 /* UIKit.framework */; };
		7D6C61F921B3C60900A031F3 /* GoogleMaps.bundle in Resources */ = {isa = PBXBuildFile; fileRef = 7D6C61F821B3C60900A031F3 /* GoogleMaps.bundle */; };
		7D6C61FC21B3C63500A031F3 /* GooglePlacePicker.framework in Frameworks */ = {isa = PBXBuildFile; fileRef = 7D6C61FB21B3C63500A031F3 /* GooglePlacePicker.framework */; };
		7D6C61FE21B3C63D00A031F3 /* GooglePlacePicker.bundle in Resources */ = {isa = PBXBuildFile; fileRef = 7D6C61FD21B3C63D00A031F3 /* GooglePlacePicker.bundle */; };
		7D6C620121B3C67D00A031F3 /* GoogleMaps.framework in Frameworks */ = {isa = PBXBuildFile; fileRef = 7D6C61FF21B3C67D00A031F3 /* GoogleMaps.framework */; };
		7D6C620221B3C67D00A031F3 /* GoogleMapsCore.framework in Frameworks */ = {isa = PBXBuildFile; fileRef = 7D6C620021B3C67D00A031F3 /* GoogleMapsCore.framework */; };
		7D74FAC82194D07F003BDF2D /* GoogleUtilities.framework in Frameworks */ = {isa = PBXBuildFile; fileRef = 7D74FAC02194D07F003BDF2D /* GoogleUtilities.framework */; };
		7D74FAC92194D07F003BDF2D /* FirebaseCore.framework in Frameworks */ = {isa = PBXBuildFile; fileRef = 7D74FAC12194D07F003BDF2D /* FirebaseCore.framework */; };
		7D74FACA2194D07F003BDF2D /* nanopb.framework in Frameworks */ = {isa = PBXBuildFile; fileRef = 7D74FAC22194D07F003BDF2D /* nanopb.framework */; };
		7D74FACB2194D07F003BDF2D /* FirebaseAnalytics.framework in Frameworks */ = {isa = PBXBuildFile; fileRef = 7D74FAC32194D07F003BDF2D /* FirebaseAnalytics.framework */; };
		7D74FACC2194D07F003BDF2D /* FirebaseInstanceID.framework in Frameworks */ = {isa = PBXBuildFile; fileRef = 7D74FAC42194D07F003BDF2D /* FirebaseInstanceID.framework */; };
		7D74FACD2194D07F003BDF2D /* FirebaseCoreDiagnostics.framework in Frameworks */ = {isa = PBXBuildFile; fileRef = 7D74FAC52194D07F003BDF2D /* FirebaseCoreDiagnostics.framework */; };
		7D74FACE2194D07F003BDF2D /* FIRAnalyticsConnector.framework in Frameworks */ = {isa = PBXBuildFile; fileRef = 7D74FAC62194D07F003BDF2D /* FIRAnalyticsConnector.framework */; };
		7D74FACF2194D07F003BDF2D /* GoogleAppMeasurement.framework in Frameworks */ = {isa = PBXBuildFile; fileRef = 7D74FAC72194D07F003BDF2D /* GoogleAppMeasurement.framework */; };
		7D74FAD72194D255003BDF2D /* GoogleService-Info.plist in Resources */ = {isa = PBXBuildFile; fileRef = 7D74FAD62194D255003BDF2D /* GoogleService-Info.plist */; };
		7D74FADA2194D652003BDF2D /* FirebaseDatabase.framework in Frameworks */ = {isa = PBXBuildFile; fileRef = 7D74FAD82194D652003BDF2D /* FirebaseDatabase.framework */; };
		7D74FADB2194D652003BDF2D /* leveldb-library.framework in Frameworks */ = {isa = PBXBuildFile; fileRef = 7D74FAD92194D652003BDF2D /* leveldb-library.framework */; };
		7D74FADF2194D967003BDF2D /* SubPageController.swift in Sources */ = {isa = PBXBuildFile; fileRef = 7D74FADE2194D967003BDF2D /* SubPageController.swift */; };
		7DAA21E3219C2C0900728998 /* Group.storyboard in Resources */ = {isa = PBXBuildFile; fileRef = 7DAA21E2219C2C0900728998 /* Group.storyboard */; };
		7DAA21E5219C463F00728998 /* CreateGroupController.swift in Sources */ = {isa = PBXBuildFile; fileRef = 7DAA21E4219C463F00728998 /* CreateGroupController.swift */; };
		7DAA21E9219C6DA600728998 /* Account.swift in Sources */ = {isa = PBXBuildFile; fileRef = 7DAA21E8219C6DA600728998 /* Account.swift */; };
		7DAA21ED219C70C600728998 /* AccountData.swift in Sources */ = {isa = PBXBuildFile; fileRef = 7DAA21EC219C70C600728998 /* AccountData.swift */; };
		7DAA21EF219C753500728998 /* AccountTableViewCell.swift in Sources */ = {isa = PBXBuildFile; fileRef = 7DAA21EE219C753500728998 /* AccountTableViewCell.swift */; };
		7DAA21F1219C78EB00728998 /* FindGroupController.swift in Sources */ = {isa = PBXBuildFile; fileRef = 7DAA21F0219C78EB00728998 /* FindGroupController.swift */; };
		7DCE4BB221A74C38007E82B2 /* WaitingController.swift in Sources */ = {isa = PBXBuildFile; fileRef = 7DCE4BB121A74C38007E82B2 /* WaitingController.swift */; };
		7DE846C721C9A1AE002ED499 /* DataJSON.swift in Sources */ = {isa = PBXBuildFile; fileRef = 7DE846C621C9A1AE002ED499 /* DataJSON.swift */; };
		C81CAC4B21C8EA0B00C3685E /* PromotionViewController.swift in Sources */ = {isa = PBXBuildFile; fileRef = C81CAC4A21C8EA0B00C3685E /* PromotionViewController.swift */; };
		C81CAC4E21C8ED7900C3685E /* FirebaseStorage.framework in Frameworks */ = {isa = PBXBuildFile; fileRef = C81CAC4C21C8ED7900C3685E /* FirebaseStorage.framework */; };
		C81CAC4F21C8ED7900C3685E /* GTMSessionFetcher.framework in Frameworks */ = {isa = PBXBuildFile; fileRef = C81CAC4D21C8ED7900C3685E /* GTMSessionFetcher.framework */; };
		C81CAC5221C8EDA900C3685E /* FirebaseAuth.framework in Frameworks */ = {isa = PBXBuildFile; fileRef = C81CAC5021C8EDA900C3685E /* FirebaseAuth.framework */; };
		C81CAC5321C8EDA900C3685E /* GTMSessionFetcher.framework in Frameworks */ = {isa = PBXBuildFile; fileRef = C81CAC5121C8EDA900C3685E /* GTMSessionFetcher.framework */; };
		C81CAC5721CA476500C3685E /* ImageCollectionViewCell.swift in Sources */ = {isa = PBXBuildFile; fileRef = C81CAC5621CA476500C3685E /* ImageCollectionViewCell.swift */; };
		C86699E121B1369B00333FCA /* ShowCategoryListController.swift in Sources */ = {isa = PBXBuildFile; fileRef = C86699E021B1369B00333FCA /* ShowCategoryListController.swift */; };
		C895933221AE99DF00CDF059 /* Search.storyboard in Resources */ = {isa = PBXBuildFile; fileRef = C895933121AE99DF00CDF059 /* Search.storyboard */; };
		C8AE843221C2ACE10043EC17 /* ChooseActionController.swift in Sources */ = {isa = PBXBuildFile; fileRef = C8AE843121C2ACE10043EC17 /* ChooseActionController.swift */; };
		E90F5EFC21A5B1C900B01597 /* RatingController.swift in Sources */ = {isa = PBXBuildFile; fileRef = E90F5EFB21A5B1C900B01597 /* RatingController.swift */; };
		E92D2D4721C78277007A440F /* RoundButton.swift in Sources */ = {isa = PBXBuildFile; fileRef = E92D2D4621C78277007A440F /* RoundButton.swift */; };
		E92D2D4D21C7A833007A440F /* ShowProfileController.swift in Sources */ = {isa = PBXBuildFile; fileRef = E92D2D4C21C7A833007A440F /* ShowProfileController.swift */; };
		E92D2D5921C7B472007A440F /* ProfileTableViewCell.swift in Sources */ = {isa = PBXBuildFile; fileRef = E92D2D5821C7B472007A440F /* ProfileTableViewCell.swift */; };
		E92D2D5D21C7CE1D007A440F /* ReviewController.swift in Sources */ = {isa = PBXBuildFile; fileRef = E92D2D5C21C7CE1D007A440F /* ReviewController.swift */; };
		E92D2D5F21C7CEA3007A440F /* ReviewAllController.swift in Sources */ = {isa = PBXBuildFile; fileRef = E92D2D5E21C7CEA3007A440F /* ReviewAllController.swift */; };
		E92D2D6121C7CFD0007A440F /* ReviewAllTableViewCell.swift in Sources */ = {isa = PBXBuildFile; fileRef = E92D2D6021C7CFD0007A440F /* ReviewAllTableViewCell.swift */; };
/* End PBXBuildFile section */

/* Begin PBXContainerItemProxy section */
		6AA3E09721428AA800612EF2 /* PBXContainerItemProxy */ = {
			isa = PBXContainerItemProxy;
			containerPortal = 6AA3E07A21428AA800612EF2 /* Project object */;
			proxyType = 1;
			remoteGlobalIDString = 6AA3E08121428AA800612EF2;
			remoteInfo = "ShabuMaiJa-IOSClass";
		};
		6AA3E0A221428AA800612EF2 /* PBXContainerItemProxy */ = {
			isa = PBXContainerItemProxy;
			containerPortal = 6AA3E07A21428AA800612EF2 /* Project object */;
			proxyType = 1;
			remoteGlobalIDString = 6AA3E08121428AA800612EF2;
			remoteInfo = "ShabuMaiJa-IOSClass";
		};
/* End PBXContainerItemProxy section */

/* Begin PBXFileReference section */
		04100A1921C8E8B800292AC3 /* PlaceDetailSubViewController.swift */ = {isa = PBXFileReference; lastKnownFileType = sourcecode.swift; path = PlaceDetailSubViewController.swift; sourceTree = "<group>"; };
		04A1756321C7AF5F00DA4319 /* TabBarViewController.swift */ = {isa = PBXFileReference; lastKnownFileType = sourcecode.swift; path = TabBarViewController.swift; sourceTree = "<group>"; };
		04A2183621C23C0100B79809 /* Main.storyboard */ = {isa = PBXFileReference; lastKnownFileType = file.storyboard; path = Main.storyboard; sourceTree = "<group>"; };
		04E63E3121A7D20700013B7E /* Assets.xcassets */ = {isa = PBXFileReference; lastKnownFileType = folder.assetcatalog; path = Assets.xcassets; sourceTree = "<group>"; };
		450BC3AA21CA1FC400F7243E /* DBConnector.swift */ = {isa = PBXFileReference; lastKnownFileType = sourcecode.swift; path = DBConnector.swift; sourceTree = "<group>"; };
		6A04AD8E21AFAE78006AAB7F /* MapViewController.swift */ = {isa = PBXFileReference; fileEncoding = 4; lastKnownFileType = sourcecode.swift; path = MapViewController.swift; sourceTree = "<group>"; };
		6A04AD9121AFAFC1006AAB7F /* SelectSearchController.swift */ = {isa = PBXFileReference; fileEncoding = 4; lastKnownFileType = sourcecode.swift; path = SelectSearchController.swift; sourceTree = "<group>"; };
		6A04AD9321AFB0D6006AAB7F /* SearchByPriceController.swift */ = {isa = PBXFileReference; lastKnownFileType = sourcecode.swift; path = SearchByPriceController.swift; sourceTree = "<group>"; };
		6A8DF94A2191711E00A59C25 /* Tab.storyboard */ = {isa = PBXFileReference; lastKnownFileType = file.storyboard; path = Tab.storyboard; sourceTree = "<group>"; };
		6AA3E08221428AA800612EF2 /* ShabuMaiJa-IOSClass.app */ = {isa = PBXFileReference; explicitFileType = wrapper.application; includeInIndex = 0; path = "ShabuMaiJa-IOSClass.app"; sourceTree = BUILT_PRODUCTS_DIR; };
		6AA3E08521428AA800612EF2 /* AppDelegate.swift */ = {isa = PBXFileReference; lastKnownFileType = sourcecode.swift; path = AppDelegate.swift; sourceTree = "<group>"; };
		6AA3E08721428AA800612EF2 /* MainPageController.swift */ = {isa = PBXFileReference; lastKnownFileType = sourcecode.swift; path = MainPageController.swift; sourceTree = "<group>"; };
		6AA3E08A21428AA800612EF2 /* Base */ = {isa = PBXFileReference; lastKnownFileType = file.storyboard; name = Base; path = Base.lproj/Test.storyboard; sourceTree = "<group>"; };
		6AA3E08F21428AA800612EF2 /* Base */ = {isa = PBXFileReference; lastKnownFileType = file.storyboard; name = Base; path = Base.lproj/LaunchScreen.storyboard; sourceTree = "<group>"; };
		6AA3E09121428AA800612EF2 /* Info.plist */ = {isa = PBXFileReference; lastKnownFileType = text.plist.xml; path = Info.plist; sourceTree = "<group>"; };
		6AA3E09621428AA800612EF2 /* ShabuMaiJa-IOSClassTests.xctest */ = {isa = PBXFileReference; explicitFileType = wrapper.cfbundle; includeInIndex = 0; path = "ShabuMaiJa-IOSClassTests.xctest"; sourceTree = BUILT_PRODUCTS_DIR; };
		6AA3E09A21428AA800612EF2 /* ShabuMaiJa_IOSClassTests.swift */ = {isa = PBXFileReference; lastKnownFileType = sourcecode.swift; path = ShabuMaiJa_IOSClassTests.swift; sourceTree = "<group>"; };
		6AA3E09C21428AA800612EF2 /* Info.plist */ = {isa = PBXFileReference; lastKnownFileType = text.plist.xml; path = Info.plist; sourceTree = "<group>"; };
		6AA3E0A121428AA800612EF2 /* ShabuMaiJa-IOSClassUITests.xctest */ = {isa = PBXFileReference; explicitFileType = wrapper.cfbundle; includeInIndex = 0; path = "ShabuMaiJa-IOSClassUITests.xctest"; sourceTree = BUILT_PRODUCTS_DIR; };
		6AA3E0A521428AA800612EF2 /* ShabuMaiJa_IOSClassUITests.swift */ = {isa = PBXFileReference; lastKnownFileType = sourcecode.swift; path = ShabuMaiJa_IOSClassUITests.swift; sourceTree = "<group>"; };
		6AA3E0A721428AA800612EF2 /* Info.plist */ = {isa = PBXFileReference; lastKnownFileType = text.plist.xml; path = Info.plist; sourceTree = "<group>"; };
		7D0A26EE219DF55E0090360A /* usericon.png */ = {isa = PBXFileReference; lastKnownFileType = image.png; name = usericon.png; path = ../../../../Etc/usericon.png; sourceTree = "<group>"; };
		7D0A26F0219E071F0090360A /* GroupDetailController.swift */ = {isa = PBXFileReference; lastKnownFileType = sourcecode.swift; path = GroupDetailController.swift; sourceTree = "<group>"; };
		7D0A26F2219E0FC10090360A /* AccountProfileController.swift */ = {isa = PBXFileReference; lastKnownFileType = sourcecode.swift; path = AccountProfileController.swift; sourceTree = "<group>"; };
		7D4915A821A72A06009550FD /* launch640x960.jpg */ = {isa = PBXFileReference; lastKnownFileType = image.jpeg; path = launch640x960.jpg; sourceTree = "<group>"; };
		7D4915A921A72A06009550FD /* launch1242x2688.jpg */ = {isa = PBXFileReference; lastKnownFileType = image.jpeg; path = launch1242x2688.jpg; sourceTree = "<group>"; };
		7D4915AA21A72A06009550FD /* launch640x1136.jpg */ = {isa = PBXFileReference; lastKnownFileType = image.jpeg; path = launch640x1136.jpg; sourceTree = "<group>"; };
		7D4915AB21A72A06009550FD /* launch750x1334.jpg */ = {isa = PBXFileReference; lastKnownFileType = image.jpeg; path = launch750x1334.jpg; sourceTree = "<group>"; };
		7D4915AC21A72A06009550FD /* launch2688x1242.jpg */ = {isa = PBXFileReference; lastKnownFileType = image.jpeg; path = launch2688x1242.jpg; sourceTree = "<group>"; };
		7D4915B221A72AA2009550FD /* launch320x480.jpg */ = {isa = PBXFileReference; lastKnownFileType = image.jpeg; path = launch320x480.jpg; sourceTree = "<group>"; };
		7D4915B421A72BCE009550FD /* launch1792x828.jpg */ = {isa = PBXFileReference; lastKnownFileType = image.jpeg; path = launch1792x828.jpg; sourceTree = "<group>"; };
		7D4915B521A72BCE009550FD /* launch828x1792.jpg */ = {isa = PBXFileReference; lastKnownFileType = image.jpeg; path = launch828x1792.jpg; sourceTree = "<group>"; };
		7D4915B821A72E06009550FD /* launch2208x1242.jpg */ = {isa = PBXFileReference; lastKnownFileType = image.jpeg; path = launch2208x1242.jpg; sourceTree = "<group>"; };
		7D4915BA21A72E5D009550FD /* launch1242x2208.jpg */ = {isa = PBXFileReference; lastKnownFileType = image.jpeg; path = launch1242x2208.jpg; sourceTree = "<group>"; };
		7D4915BC21A72F0C009550FD /* launch1125x2436.jpg */ = {isa = PBXFileReference; lastKnownFileType = image.jpeg; path = launch1125x2436.jpg; sourceTree = "<group>"; };
		7D4915BD21A72F0C009550FD /* launch2436x1125.jpg */ = {isa = PBXFileReference; lastKnownFileType = image.jpeg; path = launch2436x1125.jpg; sourceTree = "<group>"; };
		7D5D5FA621B0580600F92364 /* ShowPriceListController.swift */ = {isa = PBXFileReference; lastKnownFileType = sourcecode.swift; path = ShowPriceListController.swift; sourceTree = "<group>"; };
		7D6C61B721B3BC2500A031F3 /* RestaurantTableViewCell.swift */ = {isa = PBXFileReference; lastKnownFileType = sourcecode.swift; path = RestaurantTableViewCell.swift; sourceTree = "<group>"; };
		7D6C61B921B3BC9E00A031F3 /* Restaurant.swift */ = {isa = PBXFileReference; lastKnownFileType = sourcecode.swift; path = Restaurant.swift; sourceTree = "<group>"; };
		7D6C61BE21B3C0EC00A031F3 /* FIRAnalyticsConnector.framework */ = {isa = PBXFileReference; lastKnownFileType = wrapper.framework; path = FIRAnalyticsConnector.framework; sourceTree = "<group>"; };
		7D6C61BF21B3C0EC00A031F3 /* FirebaseAnalytics.framework */ = {isa = PBXFileReference; lastKnownFileType = wrapper.framework; path = FirebaseAnalytics.framework; sourceTree = "<group>"; };
		7D6C61C021B3C0EC00A031F3 /* FirebaseCore.framework */ = {isa = PBXFileReference; lastKnownFileType = wrapper.framework; path = FirebaseCore.framework; sourceTree = "<group>"; };
		7D6C61C121B3C0EC00A031F3 /* FirebaseCoreDiagnostics.framework */ = {isa = PBXFileReference; lastKnownFileType = wrapper.framework; path = FirebaseCoreDiagnostics.framework; sourceTree = "<group>"; };
		7D6C61C221B3C0EC00A031F3 /* FirebaseInstanceID.framework */ = {isa = PBXFileReference; lastKnownFileType = wrapper.framework; path = FirebaseInstanceID.framework; sourceTree = "<group>"; };
		7D6C61C321B3C0EC00A031F3 /* GoogleAppMeasurement.framework */ = {isa = PBXFileReference; lastKnownFileType = wrapper.framework; path = GoogleAppMeasurement.framework; sourceTree = "<group>"; };
		7D6C61C421B3C0EC00A031F3 /* GoogleUtilities.framework */ = {isa = PBXFileReference; lastKnownFileType = wrapper.framework; path = GoogleUtilities.framework; sourceTree = "<group>"; };
		7D6C61C521B3C0EC00A031F3 /* nanopb.framework */ = {isa = PBXFileReference; lastKnownFileType = wrapper.framework; path = nanopb.framework; sourceTree = "<group>"; };
		7D6C61C621B3C0EC00A031F3 /* Firebase.h */ = {isa = PBXFileReference; lastKnownFileType = sourcecode.c.h; path = Firebase.h; sourceTree = "<group>"; };
		7D6C61C721B3C0EC00A031F3 /* module.modulemap */ = {isa = PBXFileReference; lastKnownFileType = "sourcecode.module-map"; path = module.modulemap; sourceTree = "<group>"; };
		7D6C61C921B3C0EC00A031F3 /* FirebaseDatabase.framework */ = {isa = PBXFileReference; lastKnownFileType = wrapper.framework; path = FirebaseDatabase.framework; sourceTree = "<group>"; };
		7D6C61CA21B3C0EC00A031F3 /* leveldb-library.framework */ = {isa = PBXFileReference; lastKnownFileType = wrapper.framework; path = "leveldb-library.framework"; sourceTree = "<group>"; };
		7D6C61CC21B3C0EC00A031F3 /* GoogleMapsBase.framework */ = {isa = PBXFileReference; lastKnownFileType = wrapper.framework; path = GoogleMapsBase.framework; sourceTree = "<group>"; };
		7D6C61CF21B3C0EC00A031F3 /* GooglePlaces.framework */ = {isa = PBXFileReference; lastKnownFileType = wrapper.framework; path = GooglePlaces.framework; sourceTree = "<group>"; };
		7D6C61D321B3C14E00A031F3 /* GoogleMapsBase.framework */ = {isa = PBXFileReference; lastKnownFileType = wrapper.framework; path = GoogleMapsBase.framework; sourceTree = "<group>"; };
		7D6C61D521B3C14E00A031F3 /* GooglePlaces.framework */ = {isa = PBXFileReference; lastKnownFileType = wrapper.framework; path = GooglePlaces.framework; sourceTree = "<group>"; };
		7D6C61D821B3C19F00A031F3 /* GooglePlaces.bundle */ = {isa = PBXFileReference; lastKnownFileType = "wrapper.plug-in"; name = GooglePlaces.bundle; path = GooglePlaces.framework/Resources/GooglePlaces.bundle; sourceTree = "<group>"; };
		7D6C61DA21B3C28D00A031F3 /* Accelerate.framework */ = {isa = PBXFileReference; lastKnownFileType = wrapper.framework; name = Accelerate.framework; path = System/Library/Frameworks/Accelerate.framework; sourceTree = SDKROOT; };
		7D6C61DC21B3C2CF00A031F3 /* CoreLocation.framework */ = {isa = PBXFileReference; lastKnownFileType = wrapper.framework; name = CoreLocation.framework; path = System/Library/Frameworks/CoreLocation.framework; sourceTree = SDKROOT; };
		7D6C61DD21B3C2D000A031F3 /* CoreImage.framework */ = {isa = PBXFileReference; lastKnownFileType = wrapper.framework; name = CoreImage.framework; path = System/Library/Frameworks/CoreImage.framework; sourceTree = SDKROOT; };
		7D6C61DE21B3C2D000A031F3 /* CoreText.framework */ = {isa = PBXFileReference; lastKnownFileType = wrapper.framework; name = CoreText.framework; path = System/Library/Frameworks/CoreText.framework; sourceTree = SDKROOT; };
		7D6C61DF21B3C2D000A031F3 /* CoreData.framework */ = {isa = PBXFileReference; lastKnownFileType = wrapper.framework; name = CoreData.framework; path = System/Library/Frameworks/CoreData.framework; sourceTree = SDKROOT; };
		7D6C61E021B3C2D000A031F3 /* CoreTelephony.framework */ = {isa = PBXFileReference; lastKnownFileType = wrapper.framework; name = CoreTelephony.framework; path = System/Library/Frameworks/CoreTelephony.framework; sourceTree = SDKROOT; };
		7D6C61E121B3C2D000A031F3 /* CoreGraphics.framework */ = {isa = PBXFileReference; lastKnownFileType = wrapper.framework; name = CoreGraphics.framework; path = System/Library/Frameworks/CoreGraphics.framework; sourceTree = SDKROOT; };
		7D6C61E821B3C30900A031F3 /* libz.tbd */ = {isa = PBXFileReference; lastKnownFileType = "sourcecode.text-based-dylib-definition"; name = libz.tbd; path = usr/lib/libz.tbd; sourceTree = SDKROOT; };
		7D6C61E921B3C30900A031F3 /* GLKit.framework */ = {isa = PBXFileReference; lastKnownFileType = wrapper.framework; name = GLKit.framework; path = System/Library/Frameworks/GLKit.framework; sourceTree = SDKROOT; };
		7D6C61EA21B3C30900A031F3 /* ImageIO.framework */ = {isa = PBXFileReference; lastKnownFileType = wrapper.framework; name = ImageIO.framework; path = System/Library/Frameworks/ImageIO.framework; sourceTree = SDKROOT; };
		7D6C61EB21B3C30900A031F3 /* libc++.tbd */ = {isa = PBXFileReference; lastKnownFileType = "sourcecode.text-based-dylib-definition"; name = "libc++.tbd"; path = "usr/lib/libc++.tbd"; sourceTree = SDKROOT; };
		7D6C61F021B3C31E00A031F3 /* OpenGLES.framework */ = {isa = PBXFileReference; lastKnownFileType = wrapper.framework; name = OpenGLES.framework; path = System/Library/Frameworks/OpenGLES.framework; sourceTree = SDKROOT; };
		7D6C61F221B3C32300A031F3 /* QuartzCore.framework */ = {isa = PBXFileReference; lastKnownFileType = wrapper.framework; name = QuartzCore.framework; path = System/Library/Frameworks/QuartzCore.framework; sourceTree = SDKROOT; };
		7D6C61F421B3C32D00A031F3 /* SystemConfiguration.framework */ = {isa = PBXFileReference; lastKnownFileType = wrapper.framework; name = SystemConfiguration.framework; path = System/Library/Frameworks/SystemConfiguration.framework; sourceTree = SDKROOT; };
		7D6C61F621B3C33500A031F3 /* UIKit.framework */ = {isa = PBXFileReference; lastKnownFileType = wrapper.framework; name = UIKit.framework; path = System/Library/Frameworks/UIKit.framework; sourceTree = SDKROOT; };
		7D6C61F821B3C60900A031F3 /* GoogleMaps.bundle */ = {isa = PBXFileReference; lastKnownFileType = "wrapper.plug-in"; name = GoogleMaps.bundle; path = GoogleMaps.framework/Resources/GoogleMaps.bundle; sourceTree = "<group>"; };
		7D6C61FB21B3C63500A031F3 /* GooglePlacePicker.framework */ = {isa = PBXFileReference; lastKnownFileType = wrapper.framework; path = GooglePlacePicker.framework; sourceTree = "<group>"; };
		7D6C61FD21B3C63D00A031F3 /* GooglePlacePicker.bundle */ = {isa = PBXFileReference; lastKnownFileType = "wrapper.plug-in"; name = GooglePlacePicker.bundle; path = GooglePlacePicker.framework/Resources/GooglePlacePicker.bundle; sourceTree = "<group>"; };
		7D6C61FF21B3C67D00A031F3 /* GoogleMaps.framework */ = {isa = PBXFileReference; lastKnownFileType = wrapper.framework; name = GoogleMaps.framework; path = "ShabuMaiJa-IOSClass/Frameworks/GoogleMaps-2.7.0/GoogleMaps.framework"; sourceTree = "<group>"; };
		7D6C620021B3C67D00A031F3 /* GoogleMapsCore.framework */ = {isa = PBXFileReference; lastKnownFileType = wrapper.framework; name = GoogleMapsCore.framework; path = "ShabuMaiJa-IOSClass/Frameworks/GoogleMaps-2.7.0/GoogleMapsCore.framework"; sourceTree = "<group>"; };
		7D74FAC02194D07F003BDF2D /* GoogleUtilities.framework */ = {isa = PBXFileReference; lastKnownFileType = wrapper.framework; name = GoogleUtilities.framework; path = "ShabuMaiJa-IOSClass/Frameworks/Firebase/Analytics/GoogleUtilities.framework"; sourceTree = "<group>"; };
		7D74FAC12194D07F003BDF2D /* FirebaseCore.framework */ = {isa = PBXFileReference; lastKnownFileType = wrapper.framework; name = FirebaseCore.framework; path = "ShabuMaiJa-IOSClass/Frameworks/Firebase/Analytics/FirebaseCore.framework"; sourceTree = "<group>"; };
		7D74FAC22194D07F003BDF2D /* nanopb.framework */ = {isa = PBXFileReference; lastKnownFileType = wrapper.framework; name = nanopb.framework; path = "ShabuMaiJa-IOSClass/Frameworks/Firebase/Analytics/nanopb.framework"; sourceTree = "<group>"; };
		7D74FAC32194D07F003BDF2D /* FirebaseAnalytics.framework */ = {isa = PBXFileReference; lastKnownFileType = wrapper.framework; name = FirebaseAnalytics.framework; path = "ShabuMaiJa-IOSClass/Frameworks/Firebase/Analytics/FirebaseAnalytics.framework"; sourceTree = "<group>"; };
		7D74FAC42194D07F003BDF2D /* FirebaseInstanceID.framework */ = {isa = PBXFileReference; lastKnownFileType = wrapper.framework; name = FirebaseInstanceID.framework; path = "ShabuMaiJa-IOSClass/Frameworks/Firebase/Analytics/FirebaseInstanceID.framework"; sourceTree = "<group>"; };
		7D74FAC52194D07F003BDF2D /* FirebaseCoreDiagnostics.framework */ = {isa = PBXFileReference; lastKnownFileType = wrapper.framework; name = FirebaseCoreDiagnostics.framework; path = "ShabuMaiJa-IOSClass/Frameworks/Firebase/Analytics/FirebaseCoreDiagnostics.framework"; sourceTree = "<group>"; };
		7D74FAC62194D07F003BDF2D /* FIRAnalyticsConnector.framework */ = {isa = PBXFileReference; lastKnownFileType = wrapper.framework; name = FIRAnalyticsConnector.framework; path = "ShabuMaiJa-IOSClass/Frameworks/Firebase/Analytics/FIRAnalyticsConnector.framework"; sourceTree = "<group>"; };
		7D74FAC72194D07F003BDF2D /* GoogleAppMeasurement.framework */ = {isa = PBXFileReference; lastKnownFileType = wrapper.framework; name = GoogleAppMeasurement.framework; path = "ShabuMaiJa-IOSClass/Frameworks/Firebase/Analytics/GoogleAppMeasurement.framework"; sourceTree = "<group>"; };
		7D74FAD12194D12F003BDF2D /* Firebase.h */ = {isa = PBXFileReference; fileEncoding = 4; lastKnownFileType = sourcecode.c.h; path = Firebase.h; sourceTree = "<group>"; };
		7D74FAD22194D164003BDF2D /* ShabuMaiJa-IOSClass-Bridging-Header.h */ = {isa = PBXFileReference; lastKnownFileType = sourcecode.c.h; path = "ShabuMaiJa-IOSClass-Bridging-Header.h"; sourceTree = "<group>"; };
		7D74FAD52194D1B5003BDF2D /* module.modulemap */ = {isa = PBXFileReference; fileEncoding = 4; lastKnownFileType = "sourcecode.module-map"; path = module.modulemap; sourceTree = "<group>"; };
		7D74FAD62194D255003BDF2D /* GoogleService-Info.plist */ = {isa = PBXFileReference; fileEncoding = 4; lastKnownFileType = text.plist.xml; path = "GoogleService-Info.plist"; sourceTree = "<group>"; };
		7D74FAD82194D652003BDF2D /* FirebaseDatabase.framework */ = {isa = PBXFileReference; lastKnownFileType = wrapper.framework; name = FirebaseDatabase.framework; path = "ShabuMaiJa-IOSClass/Frameworks/Firebase/Database/FirebaseDatabase.framework"; sourceTree = "<group>"; };
		7D74FAD92194D652003BDF2D /* leveldb-library.framework */ = {isa = PBXFileReference; lastKnownFileType = wrapper.framework; name = "leveldb-library.framework"; path = "ShabuMaiJa-IOSClass/Frameworks/Firebase/Database/leveldb-library.framework"; sourceTree = "<group>"; };
		7D74FADE2194D967003BDF2D /* SubPageController.swift */ = {isa = PBXFileReference; lastKnownFileType = sourcecode.swift; path = SubPageController.swift; sourceTree = "<group>"; };
		7DAA21E2219C2C0900728998 /* Group.storyboard */ = {isa = PBXFileReference; fileEncoding = 4; lastKnownFileType = file.storyboard; path = Group.storyboard; sourceTree = "<group>"; };
		7DAA21E4219C463F00728998 /* CreateGroupController.swift */ = {isa = PBXFileReference; lastKnownFileType = sourcecode.swift; path = CreateGroupController.swift; sourceTree = "<group>"; };
		7DAA21E8219C6DA600728998 /* Account.swift */ = {isa = PBXFileReference; lastKnownFileType = sourcecode.swift; path = Account.swift; sourceTree = "<group>"; };
		7DAA21EC219C70C600728998 /* AccountData.swift */ = {isa = PBXFileReference; lastKnownFileType = sourcecode.swift; path = AccountData.swift; sourceTree = "<group>"; };
		7DAA21EE219C753500728998 /* AccountTableViewCell.swift */ = {isa = PBXFileReference; lastKnownFileType = sourcecode.swift; path = AccountTableViewCell.swift; sourceTree = "<group>"; };
		7DAA21F0219C78EB00728998 /* FindGroupController.swift */ = {isa = PBXFileReference; lastKnownFileType = sourcecode.swift; path = FindGroupController.swift; sourceTree = "<group>"; };
		7DCE4BB121A74C38007E82B2 /* WaitingController.swift */ = {isa = PBXFileReference; lastKnownFileType = sourcecode.swift; path = WaitingController.swift; sourceTree = "<group>"; };
		7DE846C621C9A1AE002ED499 /* DataJSON.swift */ = {isa = PBXFileReference; lastKnownFileType = sourcecode.swift; path = DataJSON.swift; sourceTree = "<group>"; };
		C81CAC4A21C8EA0B00C3685E /* PromotionViewController.swift */ = {isa = PBXFileReference; lastKnownFileType = sourcecode.swift; path = PromotionViewController.swift; sourceTree = "<group>"; };
		C81CAC4C21C8ED7900C3685E /* FirebaseStorage.framework */ = {isa = PBXFileReference; lastKnownFileType = wrapper.framework; name = FirebaseStorage.framework; path = "ShabuMaiJa-IOSClass/Frameworks/Firebase/Storage/FirebaseStorage.framework"; sourceTree = "<group>"; };
		C81CAC4D21C8ED7900C3685E /* GTMSessionFetcher.framework */ = {isa = PBXFileReference; lastKnownFileType = wrapper.framework; name = GTMSessionFetcher.framework; path = "ShabuMaiJa-IOSClass/Frameworks/Firebase/Storage/GTMSessionFetcher.framework"; sourceTree = "<group>"; };
		C81CAC5021C8EDA900C3685E /* FirebaseAuth.framework */ = {isa = PBXFileReference; lastKnownFileType = wrapper.framework; name = FirebaseAuth.framework; path = "ShabuMaiJa-IOSClass/Frameworks/Firebase/Auth/FirebaseAuth.framework"; sourceTree = "<group>"; };
		C81CAC5121C8EDA900C3685E /* GTMSessionFetcher.framework */ = {isa = PBXFileReference; lastKnownFileType = wrapper.framework; name = GTMSessionFetcher.framework; path = "ShabuMaiJa-IOSClass/Frameworks/Firebase/Auth/GTMSessionFetcher.framework"; sourceTree = "<group>"; };
		C81CAC5621CA476500C3685E /* ImageCollectionViewCell.swift */ = {isa = PBXFileReference; lastKnownFileType = sourcecode.swift; path = ImageCollectionViewCell.swift; sourceTree = "<group>"; };
		C86699E021B1369B00333FCA /* ShowCategoryListController.swift */ = {isa = PBXFileReference; lastKnownFileType = sourcecode.swift; path = ShowCategoryListController.swift; sourceTree = "<group>"; };
		C895933121AE99DF00CDF059 /* Search.storyboard */ = {isa = PBXFileReference; fileEncoding = 4; lastKnownFileType = file.storyboard; path = Search.storyboard; sourceTree = "<group>"; };
		C8AE843121C2ACE10043EC17 /* ChooseActionController.swift */ = {isa = PBXFileReference; lastKnownFileType = sourcecode.swift; path = ChooseActionController.swift; sourceTree = "<group>"; };
		E90F5EFB21A5B1C900B01597 /* RatingController.swift */ = {isa = PBXFileReference; lastKnownFileType = sourcecode.swift; path = RatingController.swift; sourceTree = "<group>"; };
		E92D2D4621C78277007A440F /* RoundButton.swift */ = {isa = PBXFileReference; fileEncoding = 4; lastKnownFileType = sourcecode.swift; path = RoundButton.swift; sourceTree = "<group>"; };
		E92D2D4C21C7A833007A440F /* ShowProfileController.swift */ = {isa = PBXFileReference; lastKnownFileType = sourcecode.swift; path = ShowProfileController.swift; sourceTree = "<group>"; };
		E92D2D5821C7B472007A440F /* ProfileTableViewCell.swift */ = {isa = PBXFileReference; lastKnownFileType = sourcecode.swift; path = ProfileTableViewCell.swift; sourceTree = "<group>"; };
		E92D2D5C21C7CE1D007A440F /* ReviewController.swift */ = {isa = PBXFileReference; lastKnownFileType = sourcecode.swift; path = ReviewController.swift; sourceTree = "<group>"; };
		E92D2D5E21C7CEA3007A440F /* ReviewAllController.swift */ = {isa = PBXFileReference; lastKnownFileType = sourcecode.swift; path = ReviewAllController.swift; sourceTree = "<group>"; };
		E92D2D6021C7CFD0007A440F /* ReviewAllTableViewCell.swift */ = {isa = PBXFileReference; lastKnownFileType = sourcecode.swift; path = ReviewAllTableViewCell.swift; sourceTree = "<group>"; };
/* End PBXFileReference section */

/* Begin PBXFrameworksBuildPhase section */
		6AA3E07F21428AA800612EF2 /* Frameworks */ = {
			isa = PBXFrameworksBuildPhase;
			buildActionMask = 2147483647;
			files = (
				C81CAC5221C8EDA900C3685E /* FirebaseAuth.framework in Frameworks */,
				C81CAC5321C8EDA900C3685E /* GTMSessionFetcher.framework in Frameworks */,
				C81CAC4E21C8ED7900C3685E /* FirebaseStorage.framework in Frameworks */,
				C81CAC4F21C8ED7900C3685E /* GTMSessionFetcher.framework in Frameworks */,
				7D6C61FC21B3C63500A031F3 /* GooglePlacePicker.framework in Frameworks */,
				7D6C620121B3C67D00A031F3 /* GoogleMaps.framework in Frameworks */,
				7D6C620221B3C67D00A031F3 /* GoogleMapsCore.framework in Frameworks */,
				7D6C61F721B3C33500A031F3 /* UIKit.framework in Frameworks */,
				7D6C61F521B3C32D00A031F3 /* SystemConfiguration.framework in Frameworks */,
				7D6C61F321B3C32300A031F3 /* QuartzCore.framework in Frameworks */,
				7D6C61F121B3C31E00A031F3 /* OpenGLES.framework in Frameworks */,
				7D6C61EC21B3C30900A031F3 /* libz.tbd in Frameworks */,
				7D6C61ED21B3C30900A031F3 /* GLKit.framework in Frameworks */,
				7D6C61EE21B3C30900A031F3 /* ImageIO.framework in Frameworks */,
				7D6C61EF21B3C30900A031F3 /* libc++.tbd in Frameworks */,
				7D6C61E221B3C2D000A031F3 /* CoreLocation.framework in Frameworks */,
				7D6C61E321B3C2D000A031F3 /* CoreImage.framework in Frameworks */,
				7D6C61E421B3C2D000A031F3 /* CoreText.framework in Frameworks */,
				7D6C61E521B3C2D000A031F3 /* CoreData.framework in Frameworks */,
				7D6C61E621B3C2D000A031F3 /* CoreTelephony.framework in Frameworks */,
				7D6C61E721B3C2D000A031F3 /* CoreGraphics.framework in Frameworks */,
				7D6C61DB21B3C28D00A031F3 /* Accelerate.framework in Frameworks */,
				7D6C61D721B3C14E00A031F3 /* GooglePlaces.framework in Frameworks */,
				7D6C61D621B3C14E00A031F3 /* GoogleMapsBase.framework in Frameworks */,
				7D74FADA2194D652003BDF2D /* FirebaseDatabase.framework in Frameworks */,
				7D74FADB2194D652003BDF2D /* leveldb-library.framework in Frameworks */,
				7D74FAC82194D07F003BDF2D /* GoogleUtilities.framework in Frameworks */,
				7D74FAC92194D07F003BDF2D /* FirebaseCore.framework in Frameworks */,
				7D74FACA2194D07F003BDF2D /* nanopb.framework in Frameworks */,
				7D74FACB2194D07F003BDF2D /* FirebaseAnalytics.framework in Frameworks */,
				7D74FACC2194D07F003BDF2D /* FirebaseInstanceID.framework in Frameworks */,
				7D74FACD2194D07F003BDF2D /* FirebaseCoreDiagnostics.framework in Frameworks */,
				7D74FACE2194D07F003BDF2D /* FIRAnalyticsConnector.framework in Frameworks */,
				7D74FACF2194D07F003BDF2D /* GoogleAppMeasurement.framework in Frameworks */,
			);
			runOnlyForDeploymentPostprocessing = 0;
		};
		6AA3E09321428AA800612EF2 /* Frameworks */ = {
			isa = PBXFrameworksBuildPhase;
			buildActionMask = 2147483647;
			files = (
			);
			runOnlyForDeploymentPostprocessing = 0;
		};
		6AA3E09E21428AA800612EF2 /* Frameworks */ = {
			isa = PBXFrameworksBuildPhase;
			buildActionMask = 2147483647;
			files = (
			);
			runOnlyForDeploymentPostprocessing = 0;
		};
/* End PBXFrameworksBuildPhase section */

/* Begin PBXGroup section */
		6A04AD9021AFAFC1006AAB7F /* SearchPage */ = {
			isa = PBXGroup;
			children = (
				6A04AD9121AFAFC1006AAB7F /* SelectSearchController.swift */,
				6A04AD9321AFB0D6006AAB7F /* SearchByPriceController.swift */,
				7D5D5FA621B0580600F92364 /* ShowPriceListController.swift */,
				C86699E021B1369B00333FCA /* ShowCategoryListController.swift */,
			);
			path = SearchPage;
			sourceTree = "<group>";
		};
		6A07BE002191554C003941DE /* View */ = {
			isa = PBXGroup;
			children = (
				7DCE4BAB21A742CB007E82B2 /* MainPage */,
				7DCE4BAC21A74407007E82B2 /* SearchPage */,
				7DAA21E1219C2C0900728998 /* GroupPage */,
				6A8DF949219170F400A59C25 /* LobbyPage */,
				6AA3E08921428AA800612EF2 /* Test.storyboard */,
				6AA3E08E21428AA800612EF2 /* LaunchScreen.storyboard */,
			);
			path = View;
			sourceTree = "<group>";
		};
		6A07BE0121915557003941DE /* Model */ = {
			isa = PBXGroup;
			children = (
				7DAA21E8219C6DA600728998 /* Account.swift */,
				7DAA21EC219C70C600728998 /* AccountData.swift */,
				7DAA21EE219C753500728998 /* AccountTableViewCell.swift */,
				7D6C61B721B3BC2500A031F3 /* RestaurantTableViewCell.swift */,
				7D6C61B921B3BC9E00A031F3 /* Restaurant.swift */,
				E92D2D5821C7B472007A440F /* ProfileTableViewCell.swift */,
				E92D2D6021C7CFD0007A440F /* ReviewAllTableViewCell.swift */,
				7DE846C621C9A1AE002ED499 /* DataJSON.swift */,
				450BC3AA21CA1FC400F7243E /* DBConnector.swift */,
				C81CAC5621CA476500C3685E /* ImageCollectionViewCell.swift */,
			);
			path = Model;
			sourceTree = "<group>";
		};
		6A07BE022191555D003941DE /* Controller */ = {
			isa = PBXGroup;
			children = (
				7DCE4BB021A74490007E82B2 /* MainPage */,
				6A04AD9021AFAFC1006AAB7F /* SearchPage */,
				7DCE4BAE21A74481007E82B2 /* GroupPage */,
				7DCE4BAF21A74486007E82B2 /* LobbyPage */,
				6AA3E08721428AA800612EF2 /* MainPageController.swift */,
				7D74FADE2194D967003BDF2D /* SubPageController.swift */,
			);
			path = Controller;
			sourceTree = "<group>";
		};
		6A8DF949219170F400A59C25 /* LobbyPage */ = {
			isa = PBXGroup;
			children = (
				6A8DF94A2191711E00A59C25 /* Tab.storyboard */,
			);
			path = LobbyPage;
			sourceTree = "<group>";
		};
		6AA3E07921428AA800612EF2 = {
			isa = PBXGroup;
			children = (
				6AA3E08421428AA800612EF2 /* ShabuMaiJa-IOSClass */,
				6AA3E09921428AA800612EF2 /* ShabuMaiJa-IOSClassTests */,
				6AA3E0A421428AA800612EF2 /* ShabuMaiJa-IOSClassUITests */,
				6AA3E08321428AA800612EF2 /* Products */,
				7D74FABF2194D07E003BDF2D /* Frameworks */,
			);
			sourceTree = "<group>";
		};
		6AA3E08321428AA800612EF2 /* Products */ = {
			isa = PBXGroup;
			children = (
				6AA3E08221428AA800612EF2 /* ShabuMaiJa-IOSClass.app */,
				6AA3E09621428AA800612EF2 /* ShabuMaiJa-IOSClassTests.xctest */,
				6AA3E0A121428AA800612EF2 /* ShabuMaiJa-IOSClassUITests.xctest */,
			);
			name = Products;
			sourceTree = "<group>";
		};
		6AA3E08421428AA800612EF2 /* ShabuMaiJa-IOSClass */ = {
			isa = PBXGroup;
			children = (
				04E63E3121A7D20700013B7E /* Assets.xcassets */,
				6A07BE0121915557003941DE /* Model */,
				6A07BE002191554C003941DE /* View */,
				6A07BE022191555D003941DE /* Controller */,
				7D74FABC2194CC94003BDF2D /* Frameworks */,
				7D74FABE2194CE22003BDF2D /* Resource */,
				6AA3E08521428AA800612EF2 /* AppDelegate.swift */,
				6AA3E09121428AA800612EF2 /* Info.plist */,
				7D74FAD62194D255003BDF2D /* GoogleService-Info.plist */,
				7D74FAD22194D164003BDF2D /* ShabuMaiJa-IOSClass-Bridging-Header.h */,
			);
			path = "ShabuMaiJa-IOSClass";
			sourceTree = "<group>";
		};
		6AA3E09921428AA800612EF2 /* ShabuMaiJa-IOSClassTests */ = {
			isa = PBXGroup;
			children = (
				6AA3E09A21428AA800612EF2 /* ShabuMaiJa_IOSClassTests.swift */,
				6AA3E09C21428AA800612EF2 /* Info.plist */,
			);
			path = "ShabuMaiJa-IOSClassTests";
			sourceTree = "<group>";
		};
		6AA3E0A421428AA800612EF2 /* ShabuMaiJa-IOSClassUITests */ = {
			isa = PBXGroup;
			children = (
				6AA3E0A521428AA800612EF2 /* ShabuMaiJa_IOSClassUITests.swift */,
				6AA3E0A721428AA800612EF2 /* Info.plist */,
			);
			path = "ShabuMaiJa-IOSClassUITests";
			sourceTree = "<group>";
		};
		7D0A26EC219DF4A80090360A /* LaunchScreen */ = {
			isa = PBXGroup;
			children = (
				7D4915BC21A72F0C009550FD /* launch1125x2436.jpg */,
				7D4915BD21A72F0C009550FD /* launch2436x1125.jpg */,
				7D4915BA21A72E5D009550FD /* launch1242x2208.jpg */,
				7D4915B821A72E06009550FD /* launch2208x1242.jpg */,
				7D4915B521A72BCE009550FD /* launch828x1792.jpg */,
				7D4915B421A72BCE009550FD /* launch1792x828.jpg */,
				7D4915B221A72AA2009550FD /* launch320x480.jpg */,
				7D4915A821A72A06009550FD /* launch640x960.jpg */,
				7D4915AA21A72A06009550FD /* launch640x1136.jpg */,
				7D4915AB21A72A06009550FD /* launch750x1334.jpg */,
				7D4915A921A72A06009550FD /* launch1242x2688.jpg */,
				7D4915AC21A72A06009550FD /* launch2688x1242.jpg */,
			);
			path = LaunchScreen;
			sourceTree = "<group>";
		};
		7D0A26ED219DF5110090360A /* Icon */ = {
			isa = PBXGroup;
			children = (
				7D0A26EE219DF55E0090360A /* usericon.png */,
			);
			path = Icon;
			sourceTree = "<group>";
		};
		7D6C61BB21B3C0EC00A031F3 /* Frameworks */ = {
			isa = PBXGroup;
			children = (
				7D6C61BC21B3C0EC00A031F3 /* Firebase */,
				7D6C61CB21B3C0EC00A031F3 /* GoogleMaps-2.7.0 */,
				7D6C61CD21B3C0EC00A031F3 /* GooglePlacePicker-2.7.0 */,
				7D6C61CE21B3C0EC00A031F3 /* GooglePlaces-2.7.0 */,
			);
			name = Frameworks;
			path = "ShabuMaiJa-IOSClass/Frameworks";
			sourceTree = "<group>";
		};
		7D6C61BC21B3C0EC00A031F3 /* Firebase */ = {
			isa = PBXGroup;
			children = (
				7D6C61BD21B3C0EC00A031F3 /* Analytics */,
				7D6C61C621B3C0EC00A031F3 /* Firebase.h */,
				7D6C61C721B3C0EC00A031F3 /* module.modulemap */,
				7D6C61C821B3C0EC00A031F3 /* Database */,
			);
			path = Firebase;
			sourceTree = "<group>";
		};
		7D6C61BD21B3C0EC00A031F3 /* Analytics */ = {
			isa = PBXGroup;
			children = (
				7D6C61BE21B3C0EC00A031F3 /* FIRAnalyticsConnector.framework */,
				7D6C61BF21B3C0EC00A031F3 /* FirebaseAnalytics.framework */,
				7D6C61C021B3C0EC00A031F3 /* FirebaseCore.framework */,
				7D6C61C121B3C0EC00A031F3 /* FirebaseCoreDiagnostics.framework */,
				7D6C61C221B3C0EC00A031F3 /* FirebaseInstanceID.framework */,
				7D6C61C321B3C0EC00A031F3 /* GoogleAppMeasurement.framework */,
				7D6C61C421B3C0EC00A031F3 /* GoogleUtilities.framework */,
				7D6C61C521B3C0EC00A031F3 /* nanopb.framework */,
			);
			path = Analytics;
			sourceTree = "<group>";
		};
		7D6C61C821B3C0EC00A031F3 /* Database */ = {
			isa = PBXGroup;
			children = (
				7D6C61C921B3C0EC00A031F3 /* FirebaseDatabase.framework */,
				7D6C61CA21B3C0EC00A031F3 /* leveldb-library.framework */,
			);
			path = Database;
			sourceTree = "<group>";
		};
		7D6C61CB21B3C0EC00A031F3 /* GoogleMaps-2.7.0 */ = {
			isa = PBXGroup;
			children = (
				7D6C61CC21B3C0EC00A031F3 /* GoogleMapsBase.framework */,
			);
			path = "GoogleMaps-2.7.0";
			sourceTree = "<group>";
		};
		7D6C61CD21B3C0EC00A031F3 /* GooglePlacePicker-2.7.0 */ = {
			isa = PBXGroup;
			children = (
			);
			path = "GooglePlacePicker-2.7.0";
			sourceTree = "<group>";
		};
		7D6C61CE21B3C0EC00A031F3 /* GooglePlaces-2.7.0 */ = {
			isa = PBXGroup;
			children = (
				7D6C61CF21B3C0EC00A031F3 /* GooglePlaces.framework */,
			);
			path = "GooglePlaces-2.7.0";
			sourceTree = "<group>";
		};
		7D6C61D221B3C14E00A031F3 /* GoogleMaps-2.7.0 */ = {
			isa = PBXGroup;
			children = (
				7D6C61F821B3C60900A031F3 /* GoogleMaps.bundle */,
				7D6C61D321B3C14E00A031F3 /* GoogleMapsBase.framework */,
			);
			path = "GoogleMaps-2.7.0";
			sourceTree = "<group>";
		};
		7D6C61D421B3C14E00A031F3 /* GooglePlaces-2.7.0 */ = {
			isa = PBXGroup;
			children = (
				7D6C61D821B3C19F00A031F3 /* GooglePlaces.bundle */,
				7D6C61D521B3C14E00A031F3 /* GooglePlaces.framework */,
			);
			path = "GooglePlaces-2.7.0";
			sourceTree = "<group>";
		};
		7D6C61FA21B3C63500A031F3 /* GooglePlacePicker-2.7.0 */ = {
			isa = PBXGroup;
			children = (
				7D6C61FD21B3C63D00A031F3 /* GooglePlacePicker.bundle */,
				7D6C61FB21B3C63500A031F3 /* GooglePlacePicker.framework */,
			);
			path = "GooglePlacePicker-2.7.0";
			sourceTree = "<group>";
		};
		7D74FABC2194CC94003BDF2D /* Frameworks */ = {
			isa = PBXGroup;
			children = (
				7D6C61FA21B3C63500A031F3 /* GooglePlacePicker-2.7.0 */,
				7D6C61D221B3C14E00A031F3 /* GoogleMaps-2.7.0 */,
				7D6C61D421B3C14E00A031F3 /* GooglePlaces-2.7.0 */,
				7D74FABD2194CCB0003BDF2D /* Firebase */,
			);
			path = Frameworks;
			sourceTree = "<group>";
		};
		7D74FABD2194CCB0003BDF2D /* Firebase */ = {
			isa = PBXGroup;
			children = (
				7D74FAD52194D1B5003BDF2D /* module.modulemap */,
				7D74FAD12194D12F003BDF2D /* Firebase.h */,
			);
			path = Firebase;
			sourceTree = "<group>";
		};
		7D74FABE2194CE22003BDF2D /* Resource */ = {
			isa = PBXGroup;
			children = (
				7D0A26ED219DF5110090360A /* Icon */,
				7D0A26EC219DF4A80090360A /* LaunchScreen */,
			);
			path = Resource;
			sourceTree = "<group>";
		};
		7D74FABF2194D07E003BDF2D /* Frameworks */ = {
			isa = PBXGroup;
			children = (
				C81CAC5021C8EDA900C3685E /* FirebaseAuth.framework */,
				C81CAC5121C8EDA900C3685E /* GTMSessionFetcher.framework */,
				C81CAC4C21C8ED7900C3685E /* FirebaseStorage.framework */,
				C81CAC4D21C8ED7900C3685E /* GTMSessionFetcher.framework */,
				7D6C61FF21B3C67D00A031F3 /* GoogleMaps.framework */,
				7D6C620021B3C67D00A031F3 /* GoogleMapsCore.framework */,
				7D6C61F621B3C33500A031F3 /* UIKit.framework */,
				7D6C61F421B3C32D00A031F3 /* SystemConfiguration.framework */,
				7D6C61F221B3C32300A031F3 /* QuartzCore.framework */,
				7D6C61F021B3C31E00A031F3 /* OpenGLES.framework */,
				7D6C61E921B3C30900A031F3 /* GLKit.framework */,
				7D6C61EA21B3C30900A031F3 /* ImageIO.framework */,
				7D6C61EB21B3C30900A031F3 /* libc++.tbd */,
				7D6C61E821B3C30900A031F3 /* libz.tbd */,
				7D6C61DF21B3C2D000A031F3 /* CoreData.framework */,
				7D6C61E121B3C2D000A031F3 /* CoreGraphics.framework */,
				7D6C61DD21B3C2D000A031F3 /* CoreImage.framework */,
				7D6C61DC21B3C2CF00A031F3 /* CoreLocation.framework */,
				7D6C61E021B3C2D000A031F3 /* CoreTelephony.framework */,
				7D6C61DE21B3C2D000A031F3 /* CoreText.framework */,
				7D6C61DA21B3C28D00A031F3 /* Accelerate.framework */,
				7D6C61BB21B3C0EC00A031F3 /* Frameworks */,
				7D74FAD82194D652003BDF2D /* FirebaseDatabase.framework */,
				7D74FAD92194D652003BDF2D /* leveldb-library.framework */,
				7D74FAC62194D07F003BDF2D /* FIRAnalyticsConnector.framework */,
				7D74FAC32194D07F003BDF2D /* FirebaseAnalytics.framework */,
				7D74FAC12194D07F003BDF2D /* FirebaseCore.framework */,
				7D74FAC52194D07F003BDF2D /* FirebaseCoreDiagnostics.framework */,
				7D74FAC42194D07F003BDF2D /* FirebaseInstanceID.framework */,
				7D74FAC72194D07F003BDF2D /* GoogleAppMeasurement.framework */,
				7D74FAC02194D07F003BDF2D /* GoogleUtilities.framework */,
				7D74FAC22194D07F003BDF2D /* nanopb.framework */,
			);
			name = Frameworks;
			sourceTree = "<group>";
		};
		7DAA21E1219C2C0900728998 /* GroupPage */ = {
			isa = PBXGroup;
			children = (
				7DAA21E2219C2C0900728998 /* Group.storyboard */,
			);
			path = GroupPage;
			sourceTree = "<group>";
		};
		7DCE4BAB21A742CB007E82B2 /* MainPage */ = {
			isa = PBXGroup;
			children = (
				04A2183621C23C0100B79809 /* Main.storyboard */,
			);
			path = MainPage;
			sourceTree = "<group>";
		};
		7DCE4BAC21A74407007E82B2 /* SearchPage */ = {
			isa = PBXGroup;
			children = (
				C895933121AE99DF00CDF059 /* Search.storyboard */,
			);
			path = SearchPage;
			sourceTree = "<group>";
		};
		7DCE4BAE21A74481007E82B2 /* GroupPage */ = {
			isa = PBXGroup;
			children = (
				7DAA21E4219C463F00728998 /* CreateGroupController.swift */,
				7DAA21F0219C78EB00728998 /* FindGroupController.swift */,
				7D0A26F0219E071F0090360A /* GroupDetailController.swift */,
				7D0A26F2219E0FC10090360A /* AccountProfileController.swift */,
				C8AE843121C2ACE10043EC17 /* ChooseActionController.swift */,
			);
			path = GroupPage;
			sourceTree = "<group>";
		};
		7DCE4BAF21A74486007E82B2 /* LobbyPage */ = {
			isa = PBXGroup;
			children = (
				E90F5EFB21A5B1C900B01597 /* RatingController.swift */,
				E92D2D4621C78277007A440F /* RoundButton.swift */,
				7DCE4BB121A74C38007E82B2 /* WaitingController.swift */,
				E92D2D4C21C7A833007A440F /* ShowProfileController.swift */,
				E92D2D5C21C7CE1D007A440F /* ReviewController.swift */,
				E92D2D5E21C7CEA3007A440F /* ReviewAllController.swift */,
			);
			path = LobbyPage;
			sourceTree = "<group>";
		};
		7DCE4BB021A74490007E82B2 /* MainPage */ = {
			isa = PBXGroup;
			children = (
				6A04AD8E21AFAE78006AAB7F /* MapViewController.swift */,
				04A1756321C7AF5F00DA4319 /* TabBarViewController.swift */,
				04100A1921C8E8B800292AC3 /* PlaceDetailSubViewController.swift */,
				C81CAC4A21C8EA0B00C3685E /* PromotionViewController.swift */,
			);
			path = MainPage;
			sourceTree = "<group>";
		};
/* End PBXGroup section */

/* Begin PBXNativeTarget section */
		6AA3E08121428AA800612EF2 /* ShabuMaiJa-IOSClass */ = {
			isa = PBXNativeTarget;
			buildConfigurationList = 6AA3E0AA21428AA800612EF2 /* Build configuration list for PBXNativeTarget "ShabuMaiJa-IOSClass" */;
			buildPhases = (
				6AA3E07E21428AA800612EF2 /* Sources */,
				6AA3E07F21428AA800612EF2 /* Frameworks */,
				6AA3E08021428AA800612EF2 /* Resources */,
			);
			buildRules = (
			);
			dependencies = (
			);
			name = "ShabuMaiJa-IOSClass";
			productName = "ShabuMaiJa-IOSClass";
			productReference = 6AA3E08221428AA800612EF2 /* ShabuMaiJa-IOSClass.app */;
			productType = "com.apple.product-type.application";
		};
		6AA3E09521428AA800612EF2 /* ShabuMaiJa-IOSClassTests */ = {
			isa = PBXNativeTarget;
			buildConfigurationList = 6AA3E0AD21428AA800612EF2 /* Build configuration list for PBXNativeTarget "ShabuMaiJa-IOSClassTests" */;
			buildPhases = (
				6AA3E09221428AA800612EF2 /* Sources */,
				6AA3E09321428AA800612EF2 /* Frameworks */,
				6AA3E09421428AA800612EF2 /* Resources */,
			);
			buildRules = (
			);
			dependencies = (
				6AA3E09821428AA800612EF2 /* PBXTargetDependency */,
			);
			name = "ShabuMaiJa-IOSClassTests";
			productName = "ShabuMaiJa-IOSClassTests";
			productReference = 6AA3E09621428AA800612EF2 /* ShabuMaiJa-IOSClassTests.xctest */;
			productType = "com.apple.product-type.bundle.unit-test";
		};
		6AA3E0A021428AA800612EF2 /* ShabuMaiJa-IOSClassUITests */ = {
			isa = PBXNativeTarget;
			buildConfigurationList = 6AA3E0B021428AA800612EF2 /* Build configuration list for PBXNativeTarget "ShabuMaiJa-IOSClassUITests" */;
			buildPhases = (
				6AA3E09D21428AA800612EF2 /* Sources */,
				6AA3E09E21428AA800612EF2 /* Frameworks */,
				6AA3E09F21428AA800612EF2 /* Resources */,
			);
			buildRules = (
			);
			dependencies = (
				6AA3E0A321428AA800612EF2 /* PBXTargetDependency */,
			);
			name = "ShabuMaiJa-IOSClassUITests";
			productName = "ShabuMaiJa-IOSClassUITests";
			productReference = 6AA3E0A121428AA800612EF2 /* ShabuMaiJa-IOSClassUITests.xctest */;
			productType = "com.apple.product-type.bundle.ui-testing";
		};
/* End PBXNativeTarget section */

/* Begin PBXProject section */
		6AA3E07A21428AA800612EF2 /* Project object */ = {
			isa = PBXProject;
			attributes = {
				LastSwiftUpdateCheck = 0900;
				LastUpgradeCheck = 0900;
				ORGANIZATIONNAME = "iOS Dev";
				TargetAttributes = {
					6AA3E08121428AA800612EF2 = {
						CreatedOnToolsVersion = 9.0;
						LastSwiftMigration = 1010;
						ProvisioningStyle = Automatic;
					};
					6AA3E09521428AA800612EF2 = {
						CreatedOnToolsVersion = 9.0;
						ProvisioningStyle = Automatic;
						TestTargetID = 6AA3E08121428AA800612EF2;
					};
					6AA3E0A021428AA800612EF2 = {
						CreatedOnToolsVersion = 9.0;
						ProvisioningStyle = Automatic;
						TestTargetID = 6AA3E08121428AA800612EF2;
					};
				};
			};
			buildConfigurationList = 6AA3E07D21428AA800612EF2 /* Build configuration list for PBXProject "ShabuMaiJa-IOSClass" */;
			compatibilityVersion = "Xcode 8.0";
			developmentRegion = en;
			hasScannedForEncodings = 0;
			knownRegions = (
				en,
				Base,
			);
			mainGroup = 6AA3E07921428AA800612EF2;
			productRefGroup = 6AA3E08321428AA800612EF2 /* Products */;
			projectDirPath = "";
			projectRoot = "";
			targets = (
				6AA3E08121428AA800612EF2 /* ShabuMaiJa-IOSClass */,
				6AA3E09521428AA800612EF2 /* ShabuMaiJa-IOSClassTests */,
				6AA3E0A021428AA800612EF2 /* ShabuMaiJa-IOSClassUITests */,
			);
		};
/* End PBXProject section */

/* Begin PBXResourcesBuildPhase section */
		6AA3E08021428AA800612EF2 /* Resources */ = {
			isa = PBXResourcesBuildPhase;
			buildActionMask = 2147483647;
			files = (
				7D6C61FE21B3C63D00A031F3 /* GooglePlacePicker.bundle in Resources */,
				04A2183721C23C0100B79809 /* Main.storyboard in Resources */,
				7D4915B921A72E06009550FD /* launch2208x1242.jpg in Resources */,
				7D0A26EF219DF55F0090360A /* usericon.png in Resources */,
				7D6C61F921B3C60900A031F3 /* GoogleMaps.bundle in Resources */,
				7D6C61D921B3C19F00A031F3 /* GooglePlaces.bundle in Resources */,
				7D4915AD21A72A06009550FD /* launch640x960.jpg in Resources */,
				6A8DF94B2191711E00A59C25 /* Tab.storyboard in Resources */,
				C895933221AE99DF00CDF059 /* Search.storyboard in Resources */,
				7D4915B021A72A06009550FD /* launch750x1334.jpg in Resources */,
				7D4915B121A72A06009550FD /* launch2688x1242.jpg in Resources */,
				6AA3E09021428AA800612EF2 /* LaunchScreen.storyboard in Resources */,
				7D4915AE21A72A06009550FD /* launch1242x2688.jpg in Resources */,
				7DAA21E3219C2C0900728998 /* Group.storyboard in Resources */,
				7D4915BF21A72F0C009550FD /* launch2436x1125.jpg in Resources */,
				7D4915B721A72BCE009550FD /* launch828x1792.jpg in Resources */,
				7D4915AF21A72A06009550FD /* launch640x1136.jpg in Resources */,
				6AA3E08B21428AA800612EF2 /* Test.storyboard in Resources */,
				04E63E3221A7D20800013B7E /* Assets.xcassets in Resources */,
				7D4915B321A72AA2009550FD /* launch320x480.jpg in Resources */,
				7D74FAD72194D255003BDF2D /* GoogleService-Info.plist in Resources */,
				7D4915BB21A72E5D009550FD /* launch1242x2208.jpg in Resources */,
				7D4915B621A72BCE009550FD /* launch1792x828.jpg in Resources */,
				7D4915BE21A72F0C009550FD /* launch1125x2436.jpg in Resources */,
			);
			runOnlyForDeploymentPostprocessing = 0;
		};
		6AA3E09421428AA800612EF2 /* Resources */ = {
			isa = PBXResourcesBuildPhase;
			buildActionMask = 2147483647;
			files = (
			);
			runOnlyForDeploymentPostprocessing = 0;
		};
		6AA3E09F21428AA800612EF2 /* Resources */ = {
			isa = PBXResourcesBuildPhase;
			buildActionMask = 2147483647;
			files = (
			);
			runOnlyForDeploymentPostprocessing = 0;
		};
/* End PBXResourcesBuildPhase section */

/* Begin PBXSourcesBuildPhase section */
		6AA3E07E21428AA800612EF2 /* Sources */ = {
			isa = PBXSourcesBuildPhase;
			buildActionMask = 2147483647;
			files = (
				7D0A26F1219E071F0090360A /* GroupDetailController.swift in Sources */,
				7DCE4BB221A74C38007E82B2 /* WaitingController.swift in Sources */,
				C81CAC5721CA476500C3685E /* ImageCollectionViewCell.swift in Sources */,
				E92D2D5921C7B472007A440F /* ProfileTableViewCell.swift in Sources */,
				C8AE843221C2ACE10043EC17 /* ChooseActionController.swift in Sources */,
				7D0A26F3219E0FC10090360A /* AccountProfileController.swift in Sources */,
				E92D2D5F21C7CEA3007A440F /* ReviewAllController.swift in Sources */,
				04A1756421C7AF5F00DA4319 /* TabBarViewController.swift in Sources */,
				7DAA21E9219C6DA600728998 /* Account.swift in Sources */,
				6AA3E08821428AA800612EF2 /* MainPageController.swift in Sources */,
				7D74FADF2194D967003BDF2D /* SubPageController.swift in Sources */,
				6A04AD9421AFB0D6006AAB7F /* SearchByPriceController.swift in Sources */,
				450BC3AB21CA1FC400F7243E /* DBConnector.swift in Sources */,
				7DAA21ED219C70C600728998 /* AccountData.swift in Sources */,
				E92D2D4721C78277007A440F /* RoundButton.swift in Sources */,
				04100A1A21C8E8B800292AC3 /* PlaceDetailSubViewController.swift in Sources */,
				E90F5EFC21A5B1C900B01597 /* RatingController.swift in Sources */,
				E92D2D5D21C7CE1D007A440F /* ReviewController.swift in Sources */,
				6AA3E08621428AA800612EF2 /* AppDelegate.swift in Sources */,
				7DE846C721C9A1AE002ED499 /* DataJSON.swift in Sources */,
				6A04AD9221AFAFC1006AAB7F /* SelectSearchController.swift in Sources */,
				7DAA21EF219C753500728998 /* AccountTableViewCell.swift in Sources */,
				7D5D5FA721B0580600F92364 /* ShowPriceListController.swift in Sources */,
				7DAA21F1219C78EB00728998 /* FindGroupController.swift in Sources */,
				E92D2D4D21C7A833007A440F /* ShowProfileController.swift in Sources */,
				7D6C61BA21B3BC9E00A031F3 /* Restaurant.swift in Sources */,
				E92D2D6121C7CFD0007A440F /* ReviewAllTableViewCell.swift in Sources */,
				6A04AD8F21AFAE78006AAB7F /* MapViewController.swift in Sources */,
				7DAA21E5219C463F00728998 /* CreateGroupController.swift in Sources */,
				7D6C61B821B3BC2500A031F3 /* RestaurantTableViewCell.swift in Sources */,
				C81CAC4B21C8EA0B00C3685E /* PromotionViewController.swift in Sources */,
				C86699E121B1369B00333FCA /* ShowCategoryListController.swift in Sources */,
			);
			runOnlyForDeploymentPostprocessing = 0;
		};
		6AA3E09221428AA800612EF2 /* Sources */ = {
			isa = PBXSourcesBuildPhase;
			buildActionMask = 2147483647;
			files = (
				6AA3E09B21428AA800612EF2 /* ShabuMaiJa_IOSClassTests.swift in Sources */,
			);
			runOnlyForDeploymentPostprocessing = 0;
		};
		6AA3E09D21428AA800612EF2 /* Sources */ = {
			isa = PBXSourcesBuildPhase;
			buildActionMask = 2147483647;
			files = (
				6AA3E0A621428AA800612EF2 /* ShabuMaiJa_IOSClassUITests.swift in Sources */,
			);
			runOnlyForDeploymentPostprocessing = 0;
		};
/* End PBXSourcesBuildPhase section */

/* Begin PBXTargetDependency section */
		6AA3E09821428AA800612EF2 /* PBXTargetDependency */ = {
			isa = PBXTargetDependency;
			target = 6AA3E08121428AA800612EF2 /* ShabuMaiJa-IOSClass */;
			targetProxy = 6AA3E09721428AA800612EF2 /* PBXContainerItemProxy */;
		};
		6AA3E0A321428AA800612EF2 /* PBXTargetDependency */ = {
			isa = PBXTargetDependency;
			target = 6AA3E08121428AA800612EF2 /* ShabuMaiJa-IOSClass */;
			targetProxy = 6AA3E0A221428AA800612EF2 /* PBXContainerItemProxy */;
		};
/* End PBXTargetDependency section */

/* Begin PBXVariantGroup section */
		6AA3E08921428AA800612EF2 /* Test.storyboard */ = {
			isa = PBXVariantGroup;
			children = (
				6AA3E08A21428AA800612EF2 /* Base */,
			);
			name = Test.storyboard;
			sourceTree = "<group>";
		};
		6AA3E08E21428AA800612EF2 /* LaunchScreen.storyboard */ = {
			isa = PBXVariantGroup;
			children = (
				6AA3E08F21428AA800612EF2 /* Base */,
			);
			name = LaunchScreen.storyboard;
			sourceTree = "<group>";
		};
/* End PBXVariantGroup section */

/* Begin XCBuildConfiguration section */
		6AA3E0A821428AA800612EF2 /* Debug */ = {
			isa = XCBuildConfiguration;
			buildSettings = {
				ALWAYS_SEARCH_USER_PATHS = NO;
				CLANG_ANALYZER_NONNULL = YES;
				CLANG_ANALYZER_NUMBER_OBJECT_CONVERSION = YES_AGGRESSIVE;
				CLANG_CXX_LANGUAGE_STANDARD = "gnu++14";
				CLANG_CXX_LIBRARY = "libc++";
				CLANG_ENABLE_MODULES = YES;
				CLANG_ENABLE_OBJC_ARC = YES;
				CLANG_WARN_BLOCK_CAPTURE_AUTORELEASING = YES;
				CLANG_WARN_BOOL_CONVERSION = YES;
				CLANG_WARN_COMMA = YES;
				CLANG_WARN_CONSTANT_CONVERSION = YES;
				CLANG_WARN_DIRECT_OBJC_ISA_USAGE = YES_ERROR;
				CLANG_WARN_DOCUMENTATION_COMMENTS = YES;
				CLANG_WARN_EMPTY_BODY = YES;
				CLANG_WARN_ENUM_CONVERSION = YES;
				CLANG_WARN_INFINITE_RECURSION = YES;
				CLANG_WARN_INT_CONVERSION = YES;
				CLANG_WARN_NON_LITERAL_NULL_CONVERSION = YES;
				CLANG_WARN_OBJC_LITERAL_CONVERSION = YES;
				CLANG_WARN_OBJC_ROOT_CLASS = YES_ERROR;
				CLANG_WARN_RANGE_LOOP_ANALYSIS = YES;
				CLANG_WARN_STRICT_PROTOTYPES = YES;
				CLANG_WARN_SUSPICIOUS_MOVE = YES;
				CLANG_WARN_UNGUARDED_AVAILABILITY = YES_AGGRESSIVE;
				CLANG_WARN_UNREACHABLE_CODE = YES;
				CLANG_WARN__DUPLICATE_METHOD_MATCH = YES;
				CODE_SIGN_IDENTITY = "iPhone Developer";
				COPY_PHASE_STRIP = NO;
				DEBUG_INFORMATION_FORMAT = dwarf;
				ENABLE_STRICT_OBJC_MSGSEND = YES;
				ENABLE_TESTABILITY = YES;
				GCC_C_LANGUAGE_STANDARD = gnu11;
				GCC_DYNAMIC_NO_PIC = NO;
				GCC_NO_COMMON_BLOCKS = YES;
				GCC_OPTIMIZATION_LEVEL = 0;
				GCC_PREPROCESSOR_DEFINITIONS = (
					"DEBUG=1",
					"$(inherited)",
				);
				GCC_WARN_64_TO_32_BIT_CONVERSION = YES;
				GCC_WARN_ABOUT_RETURN_TYPE = YES_ERROR;
				GCC_WARN_UNDECLARED_SELECTOR = YES;
				GCC_WARN_UNINITIALIZED_AUTOS = YES_AGGRESSIVE;
				GCC_WARN_UNUSED_FUNCTION = YES;
				GCC_WARN_UNUSED_VARIABLE = YES;
				IPHONEOS_DEPLOYMENT_TARGET = 11.0;
				MTL_ENABLE_DEBUG_INFO = YES;
				ONLY_ACTIVE_ARCH = YES;
				SDKROOT = iphoneos;
				SWIFT_ACTIVE_COMPILATION_CONDITIONS = DEBUG;
				SWIFT_OPTIMIZATION_LEVEL = "-Onone";
			};
			name = Debug;
		};
		6AA3E0A921428AA800612EF2 /* Release */ = {
			isa = XCBuildConfiguration;
			buildSettings = {
				ALWAYS_SEARCH_USER_PATHS = NO;
				CLANG_ANALYZER_NONNULL = YES;
				CLANG_ANALYZER_NUMBER_OBJECT_CONVERSION = YES_AGGRESSIVE;
				CLANG_CXX_LANGUAGE_STANDARD = "gnu++14";
				CLANG_CXX_LIBRARY = "libc++";
				CLANG_ENABLE_MODULES = YES;
				CLANG_ENABLE_OBJC_ARC = YES;
				CLANG_WARN_BLOCK_CAPTURE_AUTORELEASING = YES;
				CLANG_WARN_BOOL_CONVERSION = YES;
				CLANG_WARN_COMMA = YES;
				CLANG_WARN_CONSTANT_CONVERSION = YES;
				CLANG_WARN_DIRECT_OBJC_ISA_USAGE = YES_ERROR;
				CLANG_WARN_DOCUMENTATION_COMMENTS = YES;
				CLANG_WARN_EMPTY_BODY = YES;
				CLANG_WARN_ENUM_CONVERSION = YES;
				CLANG_WARN_INFINITE_RECURSION = YES;
				CLANG_WARN_INT_CONVERSION = YES;
				CLANG_WARN_NON_LITERAL_NULL_CONVERSION = YES;
				CLANG_WARN_OBJC_LITERAL_CONVERSION = YES;
				CLANG_WARN_OBJC_ROOT_CLASS = YES_ERROR;
				CLANG_WARN_RANGE_LOOP_ANALYSIS = YES;
				CLANG_WARN_STRICT_PROTOTYPES = YES;
				CLANG_WARN_SUSPICIOUS_MOVE = YES;
				CLANG_WARN_UNGUARDED_AVAILABILITY = YES_AGGRESSIVE;
				CLANG_WARN_UNREACHABLE_CODE = YES;
				CLANG_WARN__DUPLICATE_METHOD_MATCH = YES;
				CODE_SIGN_IDENTITY = "iPhone Developer";
				COPY_PHASE_STRIP = NO;
				DEBUG_INFORMATION_FORMAT = "dwarf-with-dsym";
				ENABLE_NS_ASSERTIONS = NO;
				ENABLE_STRICT_OBJC_MSGSEND = YES;
				GCC_C_LANGUAGE_STANDARD = gnu11;
				GCC_NO_COMMON_BLOCKS = YES;
				GCC_WARN_64_TO_32_BIT_CONVERSION = YES;
				GCC_WARN_ABOUT_RETURN_TYPE = YES_ERROR;
				GCC_WARN_UNDECLARED_SELECTOR = YES;
				GCC_WARN_UNINITIALIZED_AUTOS = YES_AGGRESSIVE;
				GCC_WARN_UNUSED_FUNCTION = YES;
				GCC_WARN_UNUSED_VARIABLE = YES;
				IPHONEOS_DEPLOYMENT_TARGET = 11.0;
				MTL_ENABLE_DEBUG_INFO = NO;
				SDKROOT = iphoneos;
				SWIFT_OPTIMIZATION_LEVEL = "-Owholemodule";
				VALIDATE_PRODUCT = YES;
			};
			name = Release;
		};
		6AA3E0AB21428AA800612EF2 /* Debug */ = {
			isa = XCBuildConfiguration;
			buildSettings = {
				ASSETCATALOG_COMPILER_APPICON_NAME = AppIcon;
				ASSETCATALOG_COMPILER_LAUNCHIMAGE_NAME = LaunchImage;
				CLANG_ENABLE_MODULES = YES;
				CODE_SIGN_STYLE = Automatic;
				DEVELOPMENT_TEAM = 89ST658N5L;
				FRAMEWORK_SEARCH_PATHS = (
					"$(inherited)",
					"$(PROJECT_DIR)/ShabuMaiJa-IOSClass/Frameworks/Firebase/Analytics",
					"$(PROJECT_DIR)/ShabuMaiJa-IOSClass/Frameworks/Firebase/Database",
					"$(PROJECT_DIR)/ShabuMaiJa-IOSClass/Frameworks/GoogleMaps-2.7.0",
					"$(PROJECT_DIR)/ShabuMaiJa-IOSClass/Frameworks/GooglePlaces-2.7.0",
					"$(PROJECT_DIR)/ShabuMaiJa-IOSClass/Frameworks/GooglePlacePicker-2.7.0",
					"$(PROJECT_DIR)/ShabuMaiJa-IOSClass/Frameworks/Firebase/Storage",
					"$(PROJECT_DIR)/ShabuMaiJa-IOSClass/Frameworks/Firebase/Auth",
				);
				INFOPLIST_FILE = "ShabuMaiJa-IOSClass/Info.plist";
				IPHONEOS_DEPLOYMENT_TARGET = 12.1;
				LD_RUNPATH_SEARCH_PATHS = "$(inherited) @executable_path/Frameworks";
				OTHER_LDFLAGS = "-ObjC";
				PRODUCT_BUNDLE_IDENTIFIER = "th.ac.ku.sci.cs.ShabuMaiJa-IOSClass";
				PRODUCT_NAME = "$(TARGET_NAME)";
				SWIFT_OBJC_BRIDGING_HEADER = "ShabuMaiJa-IOSClass/ShabuMaiJa-IOSClass-Bridging-Header.h";
				SWIFT_OPTIMIZATION_LEVEL = "-Onone";
				SWIFT_VERSION = 4.0;
				TARGETED_DEVICE_FAMILY = 1;
				USER_HEADER_SEARCH_PATHS = "$(PROJECT_DIR)/ShabuMaiJa-IOSClass/Frameworks/Firebase";
			};
			name = Debug;
		};
		6AA3E0AC21428AA800612EF2 /* Release */ = {
			isa = XCBuildConfiguration;
			buildSettings = {
				ASSETCATALOG_COMPILER_APPICON_NAME = AppIcon;
				ASSETCATALOG_COMPILER_LAUNCHIMAGE_NAME = LaunchImage;
				CLANG_ENABLE_MODULES = YES;
				CODE_SIGN_STYLE = Automatic;
				DEVELOPMENT_TEAM = 89ST658N5L;
				FRAMEWORK_SEARCH_PATHS = (
					"$(inherited)",
					"$(PROJECT_DIR)/ShabuMaiJa-IOSClass/Frameworks/Firebase/Analytics",
					"$(PROJECT_DIR)/ShabuMaiJa-IOSClass/Frameworks/Firebase/Database",
					"$(PROJECT_DIR)/ShabuMaiJa-IOSClass/Frameworks/GoogleMaps-2.7.0",
					"$(PROJECT_DIR)/ShabuMaiJa-IOSClass/Frameworks/GooglePlaces-2.7.0",
					"$(PROJECT_DIR)/ShabuMaiJa-IOSClass/Frameworks/GooglePlacePicker-2.7.0",
					"$(PROJECT_DIR)/ShabuMaiJa-IOSClass/Frameworks/Firebase/Storage",
					"$(PROJECT_DIR)/ShabuMaiJa-IOSClass/Frameworks/Firebase/Auth",
				);
				INFOPLIST_FILE = "ShabuMaiJa-IOSClass/Info.plist";
				IPHONEOS_DEPLOYMENT_TARGET = 12.1;
				LD_RUNPATH_SEARCH_PATHS = "$(inherited) @executable_path/Frameworks";
				OTHER_LDFLAGS = "-ObjC";
				PRODUCT_BUNDLE_IDENTIFIER = "th.ac.ku.sci.cs.ShabuMaiJa-IOSClass";
				PRODUCT_NAME = "$(TARGET_NAME)";
				SWIFT_OBJC_BRIDGING_HEADER = "ShabuMaiJa-IOSClass/ShabuMaiJa-IOSClass-Bridging-Header.h";
				SWIFT_VERSION = 4.0;
				TARGETED_DEVICE_FAMILY = 1;
				USER_HEADER_SEARCH_PATHS = "$(PROJECT_DIR)/ShabuMaiJa-IOSClass/Frameworks/Firebase";
			};
			name = Release;
		};
		6AA3E0AE21428AA800612EF2 /* Debug */ = {
			isa = XCBuildConfiguration;
			buildSettings = {
				ALWAYS_EMBED_SWIFT_STANDARD_LIBRARIES = YES;
				BUNDLE_LOADER = "$(TEST_HOST)";
				CODE_SIGN_STYLE = Automatic;
				DEVELOPMENT_TEAM = 89ST658N5L;
				INFOPLIST_FILE = "ShabuMaiJa-IOSClassTests/Info.plist";
				LD_RUNPATH_SEARCH_PATHS = "$(inherited) @executable_path/Frameworks @loader_path/Frameworks";
				PRODUCT_BUNDLE_IDENTIFIER = "th.ac.ku.sci.cs.ShabuMaiJa-IOSClassTests";
				PRODUCT_NAME = "$(TARGET_NAME)";
				SWIFT_VERSION = 4.0;
				TARGETED_DEVICE_FAMILY = "1,2";
				TEST_HOST = "$(BUILT_PRODUCTS_DIR)/ShabuMaiJa-IOSClass.app/ShabuMaiJa-IOSClass";
			};
			name = Debug;
		};
		6AA3E0AF21428AA800612EF2 /* Release */ = {
			isa = XCBuildConfiguration;
			buildSettings = {
				ALWAYS_EMBED_SWIFT_STANDARD_LIBRARIES = YES;
				BUNDLE_LOADER = "$(TEST_HOST)";
				CODE_SIGN_STYLE = Automatic;
				DEVELOPMENT_TEAM = 89ST658N5L;
				INFOPLIST_FILE = "ShabuMaiJa-IOSClassTests/Info.plist";
				LD_RUNPATH_SEARCH_PATHS = "$(inherited) @executable_path/Frameworks @loader_path/Frameworks";
				PRODUCT_BUNDLE_IDENTIFIER = "th.ac.ku.sci.cs.ShabuMaiJa-IOSClassTests";
				PRODUCT_NAME = "$(TARGET_NAME)";
				SWIFT_VERSION = 4.0;
				TARGETED_DEVICE_FAMILY = "1,2";
				TEST_HOST = "$(BUILT_PRODUCTS_DIR)/ShabuMaiJa-IOSClass.app/ShabuMaiJa-IOSClass";
			};
			name = Release;
		};
		6AA3E0B121428AA800612EF2 /* Debug */ = {
			isa = XCBuildConfiguration;
			buildSettings = {
				ALWAYS_EMBED_SWIFT_STANDARD_LIBRARIES = YES;
				CODE_SIGN_STYLE = Automatic;
				DEVELOPMENT_TEAM = 89ST658N5L;
				INFOPLIST_FILE = "ShabuMaiJa-IOSClassUITests/Info.plist";
				LD_RUNPATH_SEARCH_PATHS = "$(inherited) @executable_path/Frameworks @loader_path/Frameworks";
				PRODUCT_BUNDLE_IDENTIFIER = "th.ac.ku.sci.cs.ShabuMaiJa-IOSClassUITests";
				PRODUCT_NAME = "$(TARGET_NAME)";
				SWIFT_VERSION = 4.0;
				TARGETED_DEVICE_FAMILY = "1,2";
				TEST_TARGET_NAME = "ShabuMaiJa-IOSClass";
			};
			name = Debug;
		};
		6AA3E0B221428AA800612EF2 /* Release */ = {
			isa = XCBuildConfiguration;
			buildSettings = {
				ALWAYS_EMBED_SWIFT_STANDARD_LIBRARIES = YES;
				CODE_SIGN_STYLE = Automatic;
				DEVELOPMENT_TEAM = 89ST658N5L;
				INFOPLIST_FILE = "ShabuMaiJa-IOSClassUITests/Info.plist";
				LD_RUNPATH_SEARCH_PATHS = "$(inherited) @executable_path/Frameworks @loader_path/Frameworks";
				PRODUCT_BUNDLE_IDENTIFIER = "th.ac.ku.sci.cs.ShabuMaiJa-IOSClassUITests";
				PRODUCT_NAME = "$(TARGET_NAME)";
				SWIFT_VERSION = 4.0;
				TARGETED_DEVICE_FAMILY = "1,2";
				TEST_TARGET_NAME = "ShabuMaiJa-IOSClass";
			};
			name = Release;
		};
/* End XCBuildConfiguration section */

/* Begin XCConfigurationList section */
		6AA3E07D21428AA800612EF2 /* Build configuration list for PBXProject "ShabuMaiJa-IOSClass" */ = {
			isa = XCConfigurationList;
			buildConfigurations = (
				6AA3E0A821428AA800612EF2 /* Debug */,
				6AA3E0A921428AA800612EF2 /* Release */,
			);
			defaultConfigurationIsVisible = 0;
			defaultConfigurationName = Release;
		};
		6AA3E0AA21428AA800612EF2 /* Build configuration list for PBXNativeTarget "ShabuMaiJa-IOSClass" */ = {
			isa = XCConfigurationList;
			buildConfigurations = (
				6AA3E0AB21428AA800612EF2 /* Debug */,
				6AA3E0AC21428AA800612EF2 /* Release */,
			);
			defaultConfigurationIsVisible = 0;
			defaultConfigurationName = Release;
		};
		6AA3E0AD21428AA800612EF2 /* Build configuration list for PBXNativeTarget "ShabuMaiJa-IOSClassTests" */ = {
			isa = XCConfigurationList;
			buildConfigurations = (
				6AA3E0AE21428AA800612EF2 /* Debug */,
				6AA3E0AF21428AA800612EF2 /* Release */,
			);
			defaultConfigurationIsVisible = 0;
			defaultConfigurationName = Release;
		};
		6AA3E0B021428AA800612EF2 /* Build configuration list for PBXNativeTarget "ShabuMaiJa-IOSClassUITests" */ = {
			isa = XCConfigurationList;
			buildConfigurations = (
				6AA3E0B121428AA800612EF2 /* Debug */,
				6AA3E0B221428AA800612EF2 /* Release */,
			);
			defaultConfigurationIsVisible = 0;
			defaultConfigurationName = Release;
		};
/* End XCConfigurationList section */
	};
	rootObject = 6AA3E07A21428AA800612EF2 /* Project object */;
}
